
Microsoft Visual Studio Solution File, Format Version 12.00
# Visual Studio Version 17
VisualStudioVersion = 17.8.34408.163
MinimumVisualStudioVersion = 10.0.40219.1
Project("{9A19103F-16F7-4668-BE54-9A1E7A4F7556}") = "MillionAndUp", "MillionAndUp\MillionAndUp.csproj", "{05E4BE66-C722-42CA-90F7-3EBE6ADDE364}"
EndProject
Project("{FAE04EC0-301F-11D3-BF4B-00C04F79EFBC}") = "TestMillionAndUp", "TestMillionAndUp\TestMillionAndUp.csproj", "{B9086EED-03F8-430D-9B24-9D375D67E176}"
EndProject
Global
	GlobalSection(SolutionConfigurationPlatforms) = preSolution
		Debug|Any CPU = Debug|Any CPU
		Release|Any CPU = Release|Any CPU
	EndGlobalSection
	GlobalSection(ProjectConfigurationPlatforms) = postSolution
		{05E4BE66-C722-42CA-90F7-3EBE6ADDE364}.Debug|Any CPU.ActiveCfg = Debug|Any CPU
		{05E4BE66-C722-42CA-90F7-3EBE6ADDE364}.Debug|Any CPU.Build.0 = Debug|Any CPU
		{05E4BE66-C722-42CA-90F7-3EBE6ADDE364}.Release|Any CPU.ActiveCfg = Release|Any CPU
		{05E4BE66-C722-42CA-90F7-3EBE6ADDE364}.Release|Any CPU.Build.0 = Release|Any CPU
		{B9086EED-03F8-430D-9B24-9D375D67E176}.Debug|Any CPU.ActiveCfg = Debug|Any CPU
		{B9086EED-03F8-430D-9B24-9D375D67E176}.Debug|Any CPU.Build.0 = Debug|Any CPU
		{B9086EED-03F8-430D-9B24-9D375D67E176}.Release|Any CPU.ActiveCfg = Release|Any CPU
		{B9086EED-03F8-430D-9B24-9D375D67E176}.Release|Any CPU.Build.0 = Release|Any CPU
	EndGlobalSection
	GlobalSection(SolutionProperties) = preSolution
		HideSolutionNode = FALSE
	EndGlobalSection
	GlobalSection(ExtensibilityGlobals) = postSolution
		SolutionGuid = {342557BA-612B-428F-B356-09C6BAE1701E}
	EndGlobalSection
EndGlobal
